
Microsoft Visual Studio Solution File, Format Version 12.00
Project("{FAE04EC0-301F-11D3-BF4B-00C04F79EFBC}") = "Ajerly Platform", "Ajerly Platform\Ajerly Platform.csproj", "{747CB817-90CC-4CD5-8618-568BEB7B5EC2}"
EndProject
Global
	GlobalSection(SolutionConfigurationPlatforms) = preSolution
		Debug|Any CPU = Debug|Any CPU
		Release|Any CPU = Release|Any CPU
	EndGlobalSection
	GlobalSection(ProjectConfigurationPlatforms) = postSolution
		{747CB817-90CC-4CD5-8618-568BEB7B5EC2}.Debug|Any CPU.ActiveCfg = Debug|Any CPU
		{747CB817-90CC-4CD5-8618-568BEB7B5EC2}.Debug|Any CPU.Build.0 = Debug|Any CPU
		{747CB817-90CC-4CD5-8618-568BEB7B5EC2}.Release|Any CPU.ActiveCfg = Release|Any CPU
		{747CB817-90CC-4CD5-8618-568BEB7B5EC2}.Release|Any CPU.Build.0 = Release|Any CPU
	EndGlobalSection
EndGlobal
